
Microsoft Visual Studio Solution File, Format Version 12.00
# Visual Studio 15
VisualStudioVersion = 15.0.27004.2010
MinimumVisualStudioVersion = 10.0.40219.1
Project("{FAE04EC0-301F-11D3-BF4B-00C04F79EFBC}") = "Chat_app (Client)", "Chat_app (Client)\Chat_app (Client).csproj", "{D13838A0-59A3-4EF5-BFCD-781A432C9ABC}"
EndProject
Global
	GlobalSection(SolutionConfigurationPlatforms) = preSolution
		Debug|Any CPU = Debug|Any CPU
		Release|Any CPU = Release|Any CPU
	EndGlobalSection
	GlobalSection(ProjectConfigurationPlatforms) = postSolution
		{D13838A0-59A3-4EF5-BFCD-781A432C9ABC}.Debug|Any CPU.ActiveCfg = Debug|Any CPU
		{D13838A0-59A3-4EF5-BFCD-781A432C9ABC}.Debug|Any CPU.Build.0 = Debug|Any CPU
		{D13838A0-59A3-4EF5-BFCD-781A432C9ABC}.Release|Any CPU.ActiveCfg = Release|Any CPU
		{D13838A0-59A3-4EF5-BFCD-781A432C9ABC}.Release|Any CPU.Build.0 = Release|Any CPU
	EndGlobalSection
	GlobalSection(SolutionProperties) = preSolution
		HideSolutionNode = FALSE
	EndGlobalSection
	GlobalSection(ExtensibilityGlobals) = postSolution
		SolutionGuid = {CB63A31D-414B-42E8-95DA-500BBACA8E64}
	EndGlobalSection
EndGlobal
